
Microsoft Visual Studio Solution File, Format Version 12.00
# Visual Studio Version 17
VisualStudioVersion = 17.11.35327.3
MinimumVisualStudioVersion = 10.0.40219.1
Project("{2150E333-8FDC-42A3-9474-1A3956D46DE8}") = "Task0", "Task0", "{43A62F4F-ABC4-4CCE-9C3E-F988E8132E0E}"
EndProject
Project("{9A19103F-16F7-4668-BE54-9A1E7A4F7556}") = "Tyuiu.BilousEYu.Sprint3.Task0.V17", "Tyuiu.BilousEYu.Sprint3.Task0.V17\Tyuiu.BilousEYu.Sprint3.Task0.V17.csproj", "{81D7A34E-5FBE-4E65-B17D-37BAD9AB353A}"
EndProject
Project("{9A19103F-16F7-4668-BE54-9A1E7A4F7556}") = "Tyuiu.BilousEYu.Sprint3.Task0.V17.Lib", "Tyuiu.BilousEYu.Sprint3.Task0.V17.Lib\Tyuiu.BilousEYu.Sprint3.Task0.V17.Lib.csproj", "{CFC61A04-6001-4903-A5DF-39418C3689E6}"
EndProject
Project("{9A19103F-16F7-4668-BE54-9A1E7A4F7556}") = "Tyuiu.BilousEYu.Sprint3.Task0.V17.Test", "Tyuiu.BilousEYu.Sprint3.Task0.V17.Test\Tyuiu.BilousEYu.Sprint3.Task0.V17.Test.csproj", "{79E9ED3F-6CBB-4DC1-B903-4F89F5D32A61}"
EndProject
Project("{2150E333-8FDC-42A3-9474-1A3956D46DE8}") = "Task1", "Task1", "{A63E12D8-C0F1-410C-BDD8-8187830555B9}"
EndProject
Project("{FAE04EC0-301F-11D3-BF4B-00C04F79EFBC}") = "Tyuiu.BilousEYu.Sprint3.Task1.V20", "Tyuiu.BilousEYu.Sprint3.Task1.V20\Tyuiu.BilousEYu.Sprint3.Task1.V20.csproj", "{96BA4CB9-95E6-4561-AF10-C19A8D557711}"
EndProject
Project("{FAE04EC0-301F-11D3-BF4B-00C04F79EFBC}") = "Tyuiu.BilousEYu.Sprint3.Task1.V20.Lib", "Tyuiu.BilousEYu.Sprint3.Task1.V20.Lib\Tyuiu.BilousEYu.Sprint3.Task1.V20.Lib.csproj", "{2CB8F6D5-425F-4126-9CC9-C90A36D1E821}"
EndProject
Project("{FAE04EC0-301F-11D3-BF4B-00C04F79EFBC}") = "Tyuiu.BilousEYu.Sprint3.Task1.V20.Test", "Tyuiu.BilousEYu.Sprint3.Task1.V20.Test\Tyuiu.BilousEYu.Sprint3.Task1.V20.Test.csproj", "{81E77AE4-D1B8-4D51-ACBB-DEFD052DCEB1}"
EndProject
Project("{2150E333-8FDC-42A3-9474-1A3956D46DE8}") = "Task2", "Task2", "{5DA4DC4F-3668-4912-91B1-7EEBF012C762}"
EndProject
Project("{FAE04EC0-301F-11D3-BF4B-00C04F79EFBC}") = "Tyuiu.BilousEYu.Sprint3.Task2.V16", "Tyuiu.BilousEYu.Sprint3.Task2.V16\Tyuiu.BilousEYu.Sprint3.Task2.V16.csproj", "{8C01459E-E6F4-41E1-8F4D-F916E999357A}"
EndProject
Project("{FAE04EC0-301F-11D3-BF4B-00C04F79EFBC}") = "Tyuiu.BilousEYu.Sprint3.Task2.V16.Lib", "Tyuiu.BilousEYu.Sprint3.Task2.V16.Lib\Tyuiu.BilousEYu.Sprint3.Task2.V16.Lib.csproj", "{1866FA0D-6698-4C32-B8CD-1C6199CB24B0}"
EndProject
Project("{FAE04EC0-301F-11D3-BF4B-00C04F79EFBC}") = "Tyuiu.BilousEYu.Sprint3.Task2.V16.Test", "Tyuiu.BilousEYu.Sprint3.Task2.V16.Test\Tyuiu.BilousEYu.Sprint3.Task2.V16.Test.csproj", "{8EDCFED2-BD33-42E1-BBC5-C8CAD8BDCE20}"
EndProject
Project("{2150E333-8FDC-42A3-9474-1A3956D46DE8}") = "Task3", "Task3", "{EE539299-1761-47FD-B6FC-7F8133FCF102}"
EndProject
Project("{FAE04EC0-301F-11D3-BF4B-00C04F79EFBC}") = "Tyuiu.BilousEYu.Sprint3.Task3.V26", "Tyuiu.BilousEYu.Sprint3.Task3.V26\Tyuiu.BilousEYu.Sprint3.Task3.V26.csproj", "{DDA6E8E4-9F76-4A34-8DB6-4AEFC69E7107}"
EndProject
Project("{FAE04EC0-301F-11D3-BF4B-00C04F79EFBC}") = "Tyuiu.BilousEYu.Sprint3.Task3.V26.Lib", "Tyuiu.BilousEYu.Sprint3.Task3.V26.Lib\Tyuiu.BilousEYu.Sprint3.Task3.V26.Lib.csproj", "{52FFF619-F506-446C-A748-F03F77005600}"
EndProject
Project("{FAE04EC0-301F-11D3-BF4B-00C04F79EFBC}") = "Tyuiu.BilousEYu.Sprint3.Task3.V26.Test", "Tyuiu.BilousEYu.Sprint3.Task3.V26.Test\Tyuiu.BilousEYu.Sprint3.Task3.V26.Test.csproj", "{8953C3B0-B600-4135-A994-255C71106147}"
EndProject
Global
	GlobalSection(SolutionConfigurationPlatforms) = preSolution
		Debug|Any CPU = Debug|Any CPU
		Release|Any CPU = Release|Any CPU
	EndGlobalSection
	GlobalSection(ProjectConfigurationPlatforms) = postSolution
		{81D7A34E-5FBE-4E65-B17D-37BAD9AB353A}.Debug|Any CPU.ActiveCfg = Debug|Any CPU
		{81D7A34E-5FBE-4E65-B17D-37BAD9AB353A}.Debug|Any CPU.Build.0 = Debug|Any CPU
		{81D7A34E-5FBE-4E65-B17D-37BAD9AB353A}.Release|Any CPU.ActiveCfg = Release|Any CPU
		{81D7A34E-5FBE-4E65-B17D-37BAD9AB353A}.Release|Any CPU.Build.0 = Release|Any CPU
		{CFC61A04-6001-4903-A5DF-39418C3689E6}.Debug|Any CPU.ActiveCfg = Debug|Any CPU
		{CFC61A04-6001-4903-A5DF-39418C3689E6}.Debug|Any CPU.Build.0 = Debug|Any CPU
		{CFC61A04-6001-4903-A5DF-39418C3689E6}.Release|Any CPU.ActiveCfg = Release|Any CPU
		{CFC61A04-6001-4903-A5DF-39418C3689E6}.Release|Any CPU.Build.0 = Release|Any CPU
		{79E9ED3F-6CBB-4DC1-B903-4F89F5D32A61}.Debug|Any CPU.ActiveCfg = Debug|Any CPU
		{79E9ED3F-6CBB-4DC1-B903-4F89F5D32A61}.Debug|Any CPU.Build.0 = Debug|Any CPU
		{79E9ED3F-6CBB-4DC1-B903-4F89F5D32A61}.Release|Any CPU.ActiveCfg = Release|Any CPU
		{79E9ED3F-6CBB-4DC1-B903-4F89F5D32A61}.Release|Any CPU.Build.0 = Release|Any CPU
		{96BA4CB9-95E6-4561-AF10-C19A8D557711}.Debug|Any CPU.ActiveCfg = Debug|Any CPU
		{96BA4CB9-95E6-4561-AF10-C19A8D557711}.Debug|Any CPU.Build.0 = Debug|Any CPU
		{96BA4CB9-95E6-4561-AF10-C19A8D557711}.Release|Any CPU.ActiveCfg = Release|Any CPU
		{96BA4CB9-95E6-4561-AF10-C19A8D557711}.Release|Any CPU.Build.0 = Release|Any CPU
		{2CB8F6D5-425F-4126-9CC9-C90A36D1E821}.Debug|Any CPU.ActiveCfg = Debug|Any CPU
		{2CB8F6D5-425F-4126-9CC9-C90A36D1E821}.Debug|Any CPU.Build.0 = Debug|Any CPU
		{2CB8F6D5-425F-4126-9CC9-C90A36D1E821}.Release|Any CPU.ActiveCfg = Release|Any CPU
		{2CB8F6D5-425F-4126-9CC9-C90A36D1E821}.Release|Any CPU.Build.0 = Release|Any CPU
		{81E77AE4-D1B8-4D51-ACBB-DEFD052DCEB1}.Debug|Any CPU.ActiveCfg = Debug|Any CPU
		{81E77AE4-D1B8-4D51-ACBB-DEFD052DCEB1}.Debug|Any CPU.Build.0 = Debug|Any CPU
		{81E77AE4-D1B8-4D51-ACBB-DEFD052DCEB1}.Release|Any CPU.ActiveCfg = Release|Any CPU
		{81E77AE4-D1B8-4D51-ACBB-DEFD052DCEB1}.Release|Any CPU.Build.0 = Release|Any CPU
		{8C01459E-E6F4-41E1-8F4D-F916E999357A}.Debug|Any CPU.ActiveCfg = Debug|Any CPU
		{8C01459E-E6F4-41E1-8F4D-F916E999357A}.Debug|Any CPU.Build.0 = Debug|Any CPU
		{8C01459E-E6F4-41E1-8F4D-F916E999357A}.Release|Any CPU.ActiveCfg = Release|Any CPU
		{8C01459E-E6F4-41E1-8F4D-F916E999357A}.Release|Any CPU.Build.0 = Release|Any CPU
		{1866FA0D-6698-4C32-B8CD-1C6199CB24B0}.Debug|Any CPU.ActiveCfg = Debug|Any CPU
		{1866FA0D-6698-4C32-B8CD-1C6199CB24B0}.Debug|Any CPU.Build.0 = Debug|Any CPU
		{1866FA0D-6698-4C32-B8CD-1C6199CB24B0}.Release|Any CPU.ActiveCfg = Release|Any CPU
		{1866FA0D-6698-4C32-B8CD-1C6199CB24B0}.Release|Any CPU.Build.0 = Release|Any CPU
		{8EDCFED2-BD33-42E1-BBC5-C8CAD8BDCE20}.Debug|Any CPU.ActiveCfg = Debug|Any CPU
		{8EDCFED2-BD33-42E1-BBC5-C8CAD8BDCE20}.Debug|Any CPU.Build.0 = Debug|Any CPU
		{8EDCFED2-BD33-42E1-BBC5-C8CAD8BDCE20}.Release|Any CPU.ActiveCfg = Release|Any CPU
		{8EDCFED2-BD33-42E1-BBC5-C8CAD8BDCE20}.Release|Any CPU.Build.0 = Release|Any CPU
		{DDA6E8E4-9F76-4A34-8DB6-4AEFC69E7107}.Debug|Any CPU.ActiveCfg = Debug|Any CPU
		{DDA6E8E4-9F76-4A34-8DB6-4AEFC69E7107}.Debug|Any CPU.Build.0 = Debug|Any CPU
		{DDA6E8E4-9F76-4A34-8DB6-4AEFC69E7107}.Release|Any CPU.ActiveCfg = Release|Any CPU
		{DDA6E8E4-9F76-4A34-8DB6-4AEFC69E7107}.Release|Any CPU.Build.0 = Release|Any CPU
		{52FFF619-F506-446C-A748-F03F77005600}.Debug|Any CPU.ActiveCfg = Debug|Any CPU
		{52FFF619-F506-446C-A748-F03F77005600}.Debug|Any CPU.Build.0 = Debug|Any CPU
		{52FFF619-F506-446C-A748-F03F77005600}.Release|Any CPU.ActiveCfg = Release|Any CPU
		{52FFF619-F506-446C-A748-F03F77005600}.Release|Any CPU.Build.0 = Release|Any CPU
		{8953C3B0-B600-4135-A994-255C71106147}.Debug|Any CPU.ActiveCfg = Debug|Any CPU
		{8953C3B0-B600-4135-A994-255C71106147}.Debug|Any CPU.Build.0 = Debug|Any CPU
		{8953C3B0-B600-4135-A994-255C71106147}.Release|Any CPU.ActiveCfg = Release|Any CPU
		{8953C3B0-B600-4135-A994-255C71106147}.Release|Any CPU.Build.0 = Release|Any CPU
	EndGlobalSection
	GlobalSection(SolutionProperties) = preSolution
		HideSolutionNode = FALSE
	EndGlobalSection
	GlobalSection(NestedProjects) = preSolution
		{81D7A34E-5FBE-4E65-B17D-37BAD9AB353A} = {43A62F4F-ABC4-4CCE-9C3E-F988E8132E0E}
		{CFC61A04-6001-4903-A5DF-39418C3689E6} = {43A62F4F-ABC4-4CCE-9C3E-F988E8132E0E}
		{79E9ED3F-6CBB-4DC1-B903-4F89F5D32A61} = {43A62F4F-ABC4-4CCE-9C3E-F988E8132E0E}
		{96BA4CB9-95E6-4561-AF10-C19A8D557711} = {A63E12D8-C0F1-410C-BDD8-8187830555B9}
		{2CB8F6D5-425F-4126-9CC9-C90A36D1E821} = {A63E12D8-C0F1-410C-BDD8-8187830555B9}
		{81E77AE4-D1B8-4D51-ACBB-DEFD052DCEB1} = {A63E12D8-C0F1-410C-BDD8-8187830555B9}
		{8C01459E-E6F4-41E1-8F4D-F916E999357A} = {5DA4DC4F-3668-4912-91B1-7EEBF012C762}
		{1866FA0D-6698-4C32-B8CD-1C6199CB24B0} = {5DA4DC4F-3668-4912-91B1-7EEBF012C762}
		{8EDCFED2-BD33-42E1-BBC5-C8CAD8BDCE20} = {5DA4DC4F-3668-4912-91B1-7EEBF012C762}
		{DDA6E8E4-9F76-4A34-8DB6-4AEFC69E7107} = {EE539299-1761-47FD-B6FC-7F8133FCF102}
		{52FFF619-F506-446C-A748-F03F77005600} = {EE539299-1761-47FD-B6FC-7F8133FCF102}
		{8953C3B0-B600-4135-A994-255C71106147} = {EE539299-1761-47FD-B6FC-7F8133FCF102}
	EndGlobalSection
	GlobalSection(ExtensibilityGlobals) = postSolution
		SolutionGuid = {8FCA4DA9-DE83-4F41-A59E-849695D6E118}
	EndGlobalSection
EndGlobal
